// !$*UTF8*$!
{
	archiveVersion = 1;
	classes = {
	};
	objectVersion = 50;
	objects = {

/* Begin PBXBuildFile section */
		FA46B4EE246F813F00BFC9B6 /* Rogue.h in Headers */ = {isa = PBXBuildFile; fileRef = FA46B4EC246F813F00BFC9B6 /* Rogue.h */; settings = {ATTRIBUTES = (Public, ); }; };
		FA603C63246F8282001C1C5D /* RGELog.h in Headers */ = {isa = PBXBuildFile; fileRef = FA603C5B246F8282001C1C5D /* RGELog.h */; };
		FA603C64246F8282001C1C5D /* RGELog.m in Sources */ = {isa = PBXBuildFile; fileRef = FA603C5C246F8282001C1C5D /* RGELog.m */; };
		FA603C65246F8282001C1C5D /* RGEProxy.m in Sources */ = {isa = PBXBuildFile; fileRef = FA603C5E246F8282001C1C5D /* RGEProxy.m */; };
		FA603C66246F8282001C1C5D /* RogueHook.m in Sources */ = {isa = PBXBuildFile; fileRef = FA603C5F246F8282001C1C5D /* RogueHook.m */; };
		FA603C67246F8282001C1C5D /* RogueHook-Testing.h in Headers */ = {isa = PBXBuildFile; fileRef = FA603C60246F8282001C1C5D /* RogueHook-Testing.h */; };
		FA603C68246F8282001C1C5D /* RGEProxy.h in Headers */ = {isa = PBXBuildFile; fileRef = FA603C61246F8282001C1C5D /* RGEProxy.h */; };
		FA603C69246F8282001C1C5D /* RogueHook.h in Headers */ = {isa = PBXBuildFile; fileRef = FA603C62246F8282001C1C5D /* RogueHook.h */; settings = {ATTRIBUTES = (Public, ); }; };
		FAB343BC2470C29600AB4995 /* Tests.m in Sources */ = {isa = PBXBuildFile; fileRef = FAB343BB2470C29600AB4995 /* Tests.m */; };
		FAB343BE2470C29600AB4995 /* Rogue.framework in Frameworks */ = {isa = PBXBuildFile; fileRef = FA46B4E9246F813F00BFC9B6 /* Rogue.framework */; };
/* End PBXBuildFile section */

/* Begin PBXContainerItemProxy section */
		FAB343BF2470C29600AB4995 /* PBXContainerItemProxy */ = {
			isa = PBXContainerItemProxy;
			containerPortal = FA46B4E0246F813E00BFC9B6 /* Project object */;
			proxyType = 1;
			remoteGlobalIDString = FA46B4E8246F813F00BFC9B6;
			remoteInfo = Rogue;
		};
/* End PBXContainerItemProxy section */

/* Begin PBXFileReference section */
		FA46B4E9246F813F00BFC9B6 /* Rogue.framework */ = {isa = PBXFileReference; explicitFileType = wrapper.framework; includeInIndex = 0; path = Rogue.framework; sourceTree = BUILT_PRODUCTS_DIR; };
		FA46B4EC246F813F00BFC9B6 /* Rogue.h */ = {isa = PBXFileReference; lastKnownFileType = sourcecode.c.h; path = Rogue.h; sourceTree = "<group>"; };
		FA46B4ED246F813F00BFC9B6 /* RogueFramework.plist */ = {isa = PBXFileReference; lastKnownFileType = text.plist.xml; path = RogueFramework.plist; sourceTree = "<group>"; };
		FA603C5B246F8282001C1C5D /* RGELog.h */ = {isa = PBXFileReference; fileEncoding = 4; lastKnownFileType = sourcecode.c.h; path = RGELog.h; sourceTree = "<group>"; };
		FA603C5C246F8282001C1C5D /* RGELog.m */ = {isa = PBXFileReference; fileEncoding = 4; lastKnownFileType = sourcecode.c.objc; path = RGELog.m; sourceTree = "<group>"; };
		FA603C5E246F8282001C1C5D /* RGEProxy.m */ = {isa = PBXFileReference; fileEncoding = 4; lastKnownFileType = sourcecode.c.objc; path = RGEProxy.m; sourceTree = "<group>"; };
		FA603C5F246F8282001C1C5D /* RogueHook.m */ = {isa = PBXFileReference; fileEncoding = 4; lastKnownFileType = sourcecode.c.objc; path = RogueHook.m; sourceTree = "<group>"; };
		FA603C60246F8282001C1C5D /* RogueHook-Testing.h */ = {isa = PBXFileReference; fileEncoding = 4; lastKnownFileType = sourcecode.c.h; path = "RogueHook-Testing.h"; sourceTree = "<group>"; };
		FA603C61246F8282001C1C5D /* RGEProxy.h */ = {isa = PBXFileReference; fileEncoding = 4; lastKnownFileType = sourcecode.c.h; path = RGEProxy.h; sourceTree = "<group>"; };
		FA603C62246F8282001C1C5D /* RogueHook.h */ = {isa = PBXFileReference; fileEncoding = 4; lastKnownFileType = sourcecode.c.h; path = RogueHook.h; sourceTree = "<group>"; };
		FAB343B92470C29600AB4995 /* Tests.xctest */ = {isa = PBXFileReference; explicitFileType = wrapper.cfbundle; includeInIndex = 0; path = Tests.xctest; sourceTree = BUILT_PRODUCTS_DIR; };
		FAB343BB2470C29600AB4995 /* Tests.m */ = {isa = PBXFileReference; lastKnownFileType = sourcecode.c.objc; path = Tests.m; sourceTree = "<group>"; };
		FAB343BD2470C29600AB4995 /* Info.plist */ = {isa = PBXFileReference; lastKnownFileType = text.plist.xml; path = Info.plist; sourceTree = "<group>"; };
/* End PBXFileReference section */

/* Begin PBXFrameworksBuildPhase section */
		FA46B4E6246F813F00BFC9B6 /* Frameworks */ = {
			isa = PBXFrameworksBuildPhase;
			buildActionMask = 2147483647;
			files = (
			);
			runOnlyForDeploymentPostprocessing = 0;
		};
		FAB343B62470C29600AB4995 /* Frameworks */ = {
			isa = PBXFrameworksBuildPhase;
			buildActionMask = 2147483647;
			files = (
				FAB343BE2470C29600AB4995 /* Rogue.framework in Frameworks */,
			);
			runOnlyForDeploymentPostprocessing = 0;
		};
/* End PBXFrameworksBuildPhase section */

/* Begin PBXGroup section */
		FA46B4DF246F813E00BFC9B6 = {
			isa = PBXGroup;
			children = (
				FA603C59246F8282001C1C5D /* Rogue */,
				FA46B4EB246F813F00BFC9B6 /* Resources */,
				FAB343BA2470C29600AB4995 /* Tests */,
				FA46B4EA246F813F00BFC9B6 /* Products */,
			);
			sourceTree = "<group>";
		};
		FA46B4EA246F813F00BFC9B6 /* Products */ = {
			isa = PBXGroup;
			children = (
				FA46B4E9246F813F00BFC9B6 /* Rogue.framework */,
				FAB343B92470C29600AB4995 /* Tests.xctest */,
			);
			name = Products;
			sourceTree = "<group>";
		};
		FA46B4EB246F813F00BFC9B6 /* Resources */ = {
			isa = PBXGroup;
			children = (
				FA46B4EC246F813F00BFC9B6 /* Rogue.h */,
				FA46B4ED246F813F00BFC9B6 /* RogueFramework.plist */,
			);
			path = Resources;
			sourceTree = "<group>";
		};
		FA603C59246F8282001C1C5D /* Rogue */ = {
			isa = PBXGroup;
			children = (
				FA603C5A246F8282001C1C5D /* Utilities */,
				FA603C5D246F8282001C1C5D /* Hook */,
			);
			path = Rogue;
			sourceTree = "<group>";
		};
		FA603C5A246F8282001C1C5D /* Utilities */ = {
			isa = PBXGroup;
			children = (
				FA603C5B246F8282001C1C5D /* RGELog.h */,
				FA603C5C246F8282001C1C5D /* RGELog.m */,
			);
			path = Utilities;
			sourceTree = "<group>";
		};
		FA603C5D246F8282001C1C5D /* Hook */ = {
			isa = PBXGroup;
			children = (
				FA603C61246F8282001C1C5D /* RGEProxy.h */,
				FA603C5E246F8282001C1C5D /* RGEProxy.m */,
				FA603C5F246F8282001C1C5D /* RogueHook.m */,
				FA603C60246F8282001C1C5D /* RogueHook-Testing.h */,
				FA603C62246F8282001C1C5D /* RogueHook.h */,
			);
			path = Hook;
			sourceTree = "<group>";
		};
		FAB343BA2470C29600AB4995 /* Tests */ = {
			isa = PBXGroup;
			children = (
				FAB343BB2470C29600AB4995 /* Tests.m */,
				FAB343BD2470C29600AB4995 /* Info.plist */,
			);
			path = Tests;
			sourceTree = "<group>";
		};
/* End PBXGroup section */

/* Begin PBXHeadersBuildPhase section */
		FA46B4E4246F813F00BFC9B6 /* Headers */ = {
			isa = PBXHeadersBuildPhase;
			buildActionMask = 2147483647;
			files = (
				FA603C68246F8282001C1C5D /* RGEProxy.h in Headers */,
				FA603C63246F8282001C1C5D /* RGELog.h in Headers */,
				FA46B4EE246F813F00BFC9B6 /* Rogue.h in Headers */,
				FA603C69246F8282001C1C5D /* RogueHook.h in Headers */,
				FA603C67246F8282001C1C5D /* RogueHook-Testing.h in Headers */,
			);
			runOnlyForDeploymentPostprocessing = 0;
		};
/* End PBXHeadersBuildPhase section */

/* Begin PBXNativeTarget section */
		FA46B4E8246F813F00BFC9B6 /* Rogue */ = {
			isa = PBXNativeTarget;
			buildConfigurationList = FA46B4F1246F813F00BFC9B6 /* Build configuration list for PBXNativeTarget "Rogue" */;
			buildPhases = (
				FA46B4E4246F813F00BFC9B6 /* Headers */,
				FA46B4E5246F813F00BFC9B6 /* Sources */,
				FA46B4E6246F813F00BFC9B6 /* Frameworks */,
				FA46B4E7246F813F00BFC9B6 /* Resources */,
				FA9D43362473230200F69D0D /* Copy Static Library */,
			);
			buildRules = (
			);
			dependencies = (
			);
			name = Rogue;
			productName = RogueFramework;
			productReference = FA46B4E9246F813F00BFC9B6 /* Rogue.framework */;
			productType = "com.apple.product-type.framework";
		};
		FAB343B82470C29600AB4995 /* Tests */ = {
			isa = PBXNativeTarget;
			buildConfigurationList = FAB343C32470C29600AB4995 /* Build configuration list for PBXNativeTarget "Tests" */;
			buildPhases = (
				FAB343B52470C29600AB4995 /* Sources */,
				FAB343B62470C29600AB4995 /* Frameworks */,
				FAB343B72470C29600AB4995 /* Resources */,
			);
			buildRules = (
			);
			dependencies = (
				FAB343C02470C29600AB4995 /* PBXTargetDependency */,
			);
			name = Tests;
			productName = Tests;
			productReference = FAB343B92470C29600AB4995 /* Tests.xctest */;
			productType = "com.apple.product-type.bundle.unit-test";
		};
/* End PBXNativeTarget section */

/* Begin PBXProject section */
		FA46B4E0246F813E00BFC9B6 /* Project object */ = {
			isa = PBXProject;
			attributes = {
				LastUpgradeCheck = 1140;
				ORGANIZATIONNAME = Rogue;
				TargetAttributes = {
					FA46B4E8246F813F00BFC9B6 = {
						CreatedOnToolsVersion = 11.4.1;
					};
					FAB343B82470C29600AB4995 = {
						CreatedOnToolsVersion = 11.4.1;
					};
				};
			};
			buildConfigurationList = FA46B4E3246F813E00BFC9B6 /* Build configuration list for PBXProject "RogueFramework" */;
			compatibilityVersion = "Xcode 9.3";
			developmentRegion = en;
			hasScannedForEncodings = 0;
			knownRegions = (
				en,
				Base,
			);
			mainGroup = FA46B4DF246F813E00BFC9B6;
			productRefGroup = FA46B4EA246F813F00BFC9B6 /* Products */;
			projectDirPath = "";
			projectRoot = "";
			targets = (
				FA46B4E8246F813F00BFC9B6 /* Rogue */,
				FAB343B82470C29600AB4995 /* Tests */,
			);
		};
/* End PBXProject section */

/* Begin PBXResourcesBuildPhase section */
		FA46B4E7246F813F00BFC9B6 /* Resources */ = {
			isa = PBXResourcesBuildPhase;
			buildActionMask = 2147483647;
			files = (
			);
			runOnlyForDeploymentPostprocessing = 0;
		};
		FAB343B72470C29600AB4995 /* Resources */ = {
			isa = PBXResourcesBuildPhase;
			buildActionMask = 2147483647;
			files = (
			);
			runOnlyForDeploymentPostprocessing = 0;
		};
/* End PBXResourcesBuildPhase section */

/* Begin PBXShellScriptBuildPhase section */
		FA9D43362473230200F69D0D /* Copy Static Library */ = {
			isa = PBXShellScriptBuildPhase;
			buildActionMask = 2147483647;
			files = (
			);
			inputFileListPaths = (
			);
			inputPaths = (
			);
			name = "Copy Static Library";
			outputFileListPaths = (
			);
			outputPaths = (
			);
			runOnlyForDeploymentPostprocessing = 0;
			shellPath = /bin/sh;
			shellScript = "if [[ \"$DISTRIBUTING\" != \"YES\" ]]; then\n    exit 0\nfi\nmkdir -p \"$PROJECT_DIR/build\"\ncp \"$CODESIGNING_FOLDER_PATH/$EXECUTABLE_NAME\" \"$PROJECT_DIR/build/Rogue.$ARCHS.a\"\n\ncp -R \"$CODESIGNING_FOLDER_PATH\" \"$PROJECT_DIR/build/\"\n";
		};
/* End PBXShellScriptBuildPhase section */

/* Begin PBXSourcesBuildPhase section */
		FA46B4E5246F813F00BFC9B6 /* Sources */ = {
			isa = PBXSourcesBuildPhase;
			buildActionMask = 2147483647;
			files = (
				FA603C64246F8282001C1C5D /* RGELog.m in Sources */,
				FA603C65246F8282001C1C5D /* RGEProxy.m in Sources */,
				FA603C66246F8282001C1C5D /* RogueHook.m in Sources */,
			);
			runOnlyForDeploymentPostprocessing = 0;
		};
		FAB343B52470C29600AB4995 /* Sources */ = {
			isa = PBXSourcesBuildPhase;
			buildActionMask = 2147483647;
			files = (
				FAB343BC2470C29600AB4995 /* Tests.m in Sources */,
			);
			runOnlyForDeploymentPostprocessing = 0;
		};
/* End PBXSourcesBuildPhase section */

/* Begin PBXTargetDependency section */
		FAB343C02470C29600AB4995 /* PBXTargetDependency */ = {
			isa = PBXTargetDependency;
			target = FA46B4E8246F813F00BFC9B6 /* Rogue */;
			targetProxy = FAB343BF2470C29600AB4995 /* PBXContainerItemProxy */;
		};
/* End PBXTargetDependency section */

/* Begin XCBuildConfiguration section */
		FA46B4EF246F813F00BFC9B6 /* Debug */ = {
			isa = XCBuildConfiguration;
			buildSettings = {
				ALWAYS_SEARCH_USER_PATHS = NO;
				CLANG_ANALYZER_NONNULL = YES;
				CLANG_ANALYZER_NUMBER_OBJECT_CONVERSION = YES_AGGRESSIVE;
				CLANG_CXX_LANGUAGE_STANDARD = "gnu++14";
				CLANG_CXX_LIBRARY = "libc++";
				CLANG_ENABLE_MODULES = YES;
				CLANG_ENABLE_OBJC_ARC = YES;
				CLANG_ENABLE_OBJC_WEAK = YES;
				CLANG_WARN_BLOCK_CAPTURE_AUTORELEASING = YES;
				CLANG_WARN_BOOL_CONVERSION = YES;
				CLANG_WARN_COMMA = YES;
				CLANG_WARN_CONSTANT_CONVERSION = YES;
				CLANG_WARN_DEPRECATED_OBJC_IMPLEMENTATIONS = YES;
				CLANG_WARN_DIRECT_OBJC_ISA_USAGE = YES_ERROR;
				CLANG_WARN_DOCUMENTATION_COMMENTS = YES;
				CLANG_WARN_EMPTY_BODY = YES;
				CLANG_WARN_ENUM_CONVERSION = YES;
				CLANG_WARN_INFINITE_RECURSION = YES;
				CLANG_WARN_INT_CONVERSION = YES;
				CLANG_WARN_NON_LITERAL_NULL_CONVERSION = YES;
				CLANG_WARN_OBJC_IMPLICIT_RETAIN_SELF = YES;
				CLANG_WARN_OBJC_LITERAL_CONVERSION = YES;
				CLANG_WARN_OBJC_ROOT_CLASS = YES_ERROR;
				CLANG_WARN_RANGE_LOOP_ANALYSIS = YES;
				CLANG_WARN_STRICT_PROTOTYPES = YES;
				CLANG_WARN_SUSPICIOUS_MOVE = YES;
				CLANG_WARN_UNGUARDED_AVAILABILITY = YES_AGGRESSIVE;
				CLANG_WARN_UNREACHABLE_CODE = YES;
				CLANG_WARN__DUPLICATE_METHOD_MATCH = YES;
				COPY_PHASE_STRIP = NO;
				CURRENT_PROJECT_VERSION = 1;
				DEBUG_INFORMATION_FORMAT = dwarf;
				ENABLE_STRICT_OBJC_MSGSEND = YES;
				ENABLE_TESTABILITY = YES;
				GCC_C_LANGUAGE_STANDARD = gnu11;
				GCC_DYNAMIC_NO_PIC = NO;
				GCC_NO_COMMON_BLOCKS = YES;
				GCC_OPTIMIZATION_LEVEL = 0;
				GCC_PREPROCESSOR_DEFINITIONS = (
					"DEBUG=1",
					"$(inherited)",
				);
				GCC_WARN_64_TO_32_BIT_CONVERSION = YES;
				GCC_WARN_ABOUT_RETURN_TYPE = YES_ERROR;
				GCC_WARN_UNDECLARED_SELECTOR = YES;
				GCC_WARN_UNINITIALIZED_AUTOS = YES_AGGRESSIVE;
				GCC_WARN_UNUSED_FUNCTION = YES;
				GCC_WARN_UNUSED_VARIABLE = YES;
				IPHONEOS_DEPLOYMENT_TARGET = 10;
				MTL_ENABLE_DEBUG_INFO = INCLUDE_SOURCE;
				MTL_FAST_MATH = YES;
				ONLY_ACTIVE_ARCH = YES;
				SDKROOT = iphoneos;
				VERSIONING_SYSTEM = "apple-generic";
				VERSION_INFO_PREFIX = "";
			};
			name = Debug;
		};
		FA46B4F0246F813F00BFC9B6 /* Release */ = {
			isa = XCBuildConfiguration;
			buildSettings = {
				ALWAYS_SEARCH_USER_PATHS = NO;
				CLANG_ANALYZER_NONNULL = YES;
				CLANG_ANALYZER_NUMBER_OBJECT_CONVERSION = YES_AGGRESSIVE;
				CLANG_CXX_LANGUAGE_STANDARD = "gnu++14";
				CLANG_CXX_LIBRARY = "libc++";
				CLANG_ENABLE_MODULES = YES;
				CLANG_ENABLE_OBJC_ARC = YES;
				CLANG_ENABLE_OBJC_WEAK = YES;
				CLANG_WARN_BLOCK_CAPTURE_AUTORELEASING = YES;
				CLANG_WARN_BOOL_CONVERSION = YES;
				CLANG_WARN_COMMA = YES;
				CLANG_WARN_CONSTANT_CONVERSION = YES;
				CLANG_WARN_DEPRECATED_OBJC_IMPLEMENTATIONS = YES;
				CLANG_WARN_DIRECT_OBJC_ISA_USAGE = YES_ERROR;
				CLANG_WARN_DOCUMENTATION_COMMENTS = YES;
				CLANG_WARN_EMPTY_BODY = YES;
				CLANG_WARN_ENUM_CONVERSION = YES;
				CLANG_WARN_INFINITE_RECURSION = YES;
				CLANG_WARN_INT_CONVERSION = YES;
				CLANG_WARN_NON_LITERAL_NULL_CONVERSION = YES;
				CLANG_WARN_OBJC_IMPLICIT_RETAIN_SELF = YES;
				CLANG_WARN_OBJC_LITERAL_CONVERSION = YES;
				CLANG_WARN_OBJC_ROOT_CLASS = YES_ERROR;
				CLANG_WARN_RANGE_LOOP_ANALYSIS = YES;
				CLANG_WARN_STRICT_PROTOTYPES = YES;
				CLANG_WARN_SUSPICIOUS_MOVE = YES;
				CLANG_WARN_UNGUARDED_AVAILABILITY = YES_AGGRESSIVE;
				CLANG_WARN_UNREACHABLE_CODE = YES;
				CLANG_WARN__DUPLICATE_METHOD_MATCH = YES;
				COPY_PHASE_STRIP = NO;
				CURRENT_PROJECT_VERSION = 1;
				DEBUG_INFORMATION_FORMAT = "dwarf-with-dsym";
				ENABLE_NS_ASSERTIONS = NO;
				ENABLE_STRICT_OBJC_MSGSEND = YES;
				GCC_C_LANGUAGE_STANDARD = gnu11;
				GCC_NO_COMMON_BLOCKS = YES;
				GCC_WARN_64_TO_32_BIT_CONVERSION = YES;
				GCC_WARN_ABOUT_RETURN_TYPE = YES_ERROR;
				GCC_WARN_UNDECLARED_SELECTOR = YES;
				GCC_WARN_UNINITIALIZED_AUTOS = YES_AGGRESSIVE;
				GCC_WARN_UNUSED_FUNCTION = YES;
				GCC_WARN_UNUSED_VARIABLE = YES;
				IPHONEOS_DEPLOYMENT_TARGET = 10;
				MTL_ENABLE_DEBUG_INFO = NO;
				MTL_FAST_MATH = YES;
				SDKROOT = iphoneos;
				VALIDATE_PRODUCT = YES;
				VERSIONING_SYSTEM = "apple-generic";
				VERSION_INFO_PREFIX = "";
			};
			name = Release;
		};
		FA46B4F2246F813F00BFC9B6 /* Debug */ = {
			isa = XCBuildConfiguration;
			buildSettings = {
				BUILD_LIBRARY_FOR_DISTRIBUTION = YES;
				CODE_SIGN_STYLE = Automatic;
				DEFINES_MODULE = YES;
				DISTRIBUTING = NO;
				DYLIB_COMPATIBILITY_VERSION = 1;
				DYLIB_CURRENT_VERSION = 1;
				DYLIB_INSTALL_NAME_BASE = "@rpath";
				INFOPLIST_FILE = Resources/RogueFramework.plist;
				INSTALL_PATH = "$(LOCAL_LIBRARY_DIR)/Frameworks";
				LD_RUNPATH_SEARCH_PATHS = (
					"$(inherited)",
					"@executable_path/Frameworks",
					"@loader_path/Frameworks",
				);
				MACH_O_TYPE = staticlib;
				PRODUCT_BUNDLE_IDENTIFIER = com.rogue.framework;
				PRODUCT_NAME = "$(TARGET_NAME:c99extidentifier)";
				SKIP_INSTALL = NO;
				TARGETED_DEVICE_FAMILY = "1,2";
			};
			name = Debug;
		};
		FA46B4F3246F813F00BFC9B6 /* Release */ = {
			isa = XCBuildConfiguration;
			buildSettings = {
				BUILD_LIBRARY_FOR_DISTRIBUTION = YES;
				CODE_SIGN_STYLE = Automatic;
				DEFINES_MODULE = YES;
				DISTRIBUTING = NO;
				DYLIB_COMPATIBILITY_VERSION = 1;
				DYLIB_CURRENT_VERSION = 1;
				DYLIB_INSTALL_NAME_BASE = "@rpath";
				INFOPLIST_FILE = Resources/RogueFramework.plist;
				INSTALL_PATH = "$(LOCAL_LIBRARY_DIR)/Frameworks";
				LD_RUNPATH_SEARCH_PATHS = (
					"$(inherited)",
					"@executable_path/Frameworks",
					"@loader_path/Frameworks",
				);
				MACH_O_TYPE = staticlib;
				PRODUCT_BUNDLE_IDENTIFIER = com.rogue.framework;
				PRODUCT_NAME = "$(TARGET_NAME:c99extidentifier)";
				SKIP_INSTALL = NO;
				TARGETED_DEVICE_FAMILY = "1,2";
			};
			name = Release;
		};
		FAB343C12470C29600AB4995 /* Debug */ = {
			isa = XCBuildConfiguration;
			buildSettings = {
				CODE_SIGN_STYLE = Automatic;
				INFOPLIST_FILE = Tests/Info.plist;
				IPHONEOS_DEPLOYMENT_TARGET = 13.4;
				LD_RUNPATH_SEARCH_PATHS = (
					"$(inherited)",
					"@executable_path/Frameworks",
					"@loader_path/Frameworks",
				);
				PRODUCT_BUNDLE_IDENTIFIER = com.rogue.Tests;
				PRODUCT_NAME = "$(TARGET_NAME)";
				TARGETED_DEVICE_FAMILY = "1,2";
			};
			name = Debug;
		};
		FAB343C22470C29600AB4995 /* Release */ = {
			isa = XCBuildConfiguration;
			buildSettings = {
				CODE_SIGN_STYLE = Automatic;
				INFOPLIST_FILE = Tests/Info.plist;
				IPHONEOS_DEPLOYMENT_TARGET = 13.4;
				LD_RUNPATH_SEARCH_PATHS = (
					"$(inherited)",
					"@executable_path/Frameworks",
					"@loader_path/Frameworks",
				);
				PRODUCT_BUNDLE_IDENTIFIER = com.rogue.Tests;
				PRODUCT_NAME = "$(TARGET_NAME)";
				TARGETED_DEVICE_FAMILY = "1,2";
			};
			name = Release;
		};
/* End XCBuildConfiguration section */

/* Begin XCConfigurationList section */
		FA46B4E3246F813E00BFC9B6 /* Build configuration list for PBXProject "RogueFramework" */ = {
			isa = XCConfigurationList;
			buildConfigurations = (
				FA46B4EF246F813F00BFC9B6 /* Debug */,
				FA46B4F0246F813F00BFC9B6 /* Release */,
			);
			defaultConfigurationIsVisible = 0;
			defaultConfigurationName = Release;
		};
		FA46B4F1246F813F00BFC9B6 /* Build configuration list for PBXNativeTarget "Rogue" */ = {
			isa = XCConfigurationList;
			buildConfigurations = (
				FA46B4F2246F813F00BFC9B6 /* Debug */,
				FA46B4F3246F813F00BFC9B6 /* Release */,
			);
			defaultConfigurationIsVisible = 0;
			defaultConfigurationName = Release;
		};
		FAB343C32470C29600AB4995 /* Build configuration list for PBXNativeTarget "Tests" */ = {
			isa = XCConfigurationList;
			buildConfigurations = (
				FAB343C12470C29600AB4995 /* Debug */,
				FAB343C22470C29600AB4995 /* Release */,
			);
			defaultConfigurationIsVisible = 0;
			defaultConfigurationName = Release;
		};
/* End XCConfigurationList section */
	};
	rootObject = FA46B4E0246F813E00BFC9B6 /* Project object */;
}
